
Microsoft Visual Studio Solution File, Format Version 12.00
# Visual Studio 14
VisualStudioVersion = 14.0.25420.1
MinimumVisualStudioVersion = 10.0.40219.1
Project("{FAE04EC0-301F-11D3-BF4B-00C04F79EFBC}") = "ToonSaloon.Web", "ToonSaloon.Web\ToonSaloon.Web.csproj", "{638DFC75-C61B-42B3-9828-DAC6BE72F37F}"
EndProject
Project("{FAE04EC0-301F-11D3-BF4B-00C04F79EFBC}") = "ToonSaloon.Models", "ToonSaloon.Models\ToonSaloon.Models.csproj", "{788FC0E0-AFF9-4700-911E-86FEEF4B8938}"
EndProject
Project("{FAE04EC0-301F-11D3-BF4B-00C04F79EFBC}") = "ToonSaloon.Data", "ToonSaloon.Data\ToonSaloon.Data.csproj", "{2525D63A-958A-4411-82B1-114A5B9B781E}"
EndProject
Project("{FAE04EC0-301F-11D3-BF4B-00C04F79EFBC}") = "ToonSaloon.BLL", "ToonSaloon.BLL\ToonSaloon.BLL.csproj", "{A06EF637-0747-4D75-A8D9-A08A46C1FCFF}"
EndProject
Project("{FAE04EC0-301F-11D3-BF4B-00C04F79EFBC}") = "ToonSaloon.Tests", "ToonSaloon.Tests\ToonSaloon.Tests.csproj", "{E932FF77-4768-4F52-A091-4632DD6CCCC9}"
EndProject
Global
	GlobalSection(SolutionConfigurationPlatforms) = preSolution
		Debug|Any CPU = Debug|Any CPU
		Release|Any CPU = Release|Any CPU
	EndGlobalSection
	GlobalSection(ProjectConfigurationPlatforms) = postSolution
		{638DFC75-C61B-42B3-9828-DAC6BE72F37F}.Debug|Any CPU.ActiveCfg = Debug|Any CPU
		{638DFC75-C61B-42B3-9828-DAC6BE72F37F}.Debug|Any CPU.Build.0 = Debug|Any CPU
		{638DFC75-C61B-42B3-9828-DAC6BE72F37F}.Release|Any CPU.ActiveCfg = Release|Any CPU
		{638DFC75-C61B-42B3-9828-DAC6BE72F37F}.Release|Any CPU.Build.0 = Release|Any CPU
		{788FC0E0-AFF9-4700-911E-86FEEF4B8938}.Debug|Any CPU.ActiveCfg = Debug|Any CPU
		{788FC0E0-AFF9-4700-911E-86FEEF4B8938}.Debug|Any CPU.Build.0 = Debug|Any CPU
		{788FC0E0-AFF9-4700-911E-86FEEF4B8938}.Release|Any CPU.ActiveCfg = Release|Any CPU
		{788FC0E0-AFF9-4700-911E-86FEEF4B8938}.Release|Any CPU.Build.0 = Release|Any CPU
		{2525D63A-958A-4411-82B1-114A5B9B781E}.Debug|Any CPU.ActiveCfg = Debug|Any CPU
		{2525D63A-958A-4411-82B1-114A5B9B781E}.Debug|Any CPU.Build.0 = Debug|Any CPU
		{2525D63A-958A-4411-82B1-114A5B9B781E}.Release|Any CPU.ActiveCfg = Release|Any CPU
		{2525D63A-958A-4411-82B1-114A5B9B781E}.Release|Any CPU.Build.0 = Release|Any CPU
		{A06EF637-0747-4D75-A8D9-A08A46C1FCFF}.Debug|Any CPU.ActiveCfg = Debug|Any CPU
		{A06EF637-0747-4D75-A8D9-A08A46C1FCFF}.Debug|Any CPU.Build.0 = Debug|Any CPU
		{A06EF637-0747-4D75-A8D9-A08A46C1FCFF}.Release|Any CPU.ActiveCfg = Release|Any CPU
		{A06EF637-0747-4D75-A8D9-A08A46C1FCFF}.Release|Any CPU.Build.0 = Release|Any CPU
		{E932FF77-4768-4F52-A091-4632DD6CCCC9}.Debug|Any CPU.ActiveCfg = Debug|Any CPU
		{E932FF77-4768-4F52-A091-4632DD6CCCC9}.Debug|Any CPU.Build.0 = Debug|Any CPU
		{E932FF77-4768-4F52-A091-4632DD6CCCC9}.Release|Any CPU.ActiveCfg = Release|Any CPU
		{E932FF77-4768-4F52-A091-4632DD6CCCC9}.Release|Any CPU.Build.0 = Release|Any CPU
	EndGlobalSection
	GlobalSection(SolutionProperties) = preSolution
		HideSolutionNode = FALSE
	EndGlobalSection
EndGlobal
